
Microsoft Visual Studio Solution File, Format Version 12.00
# Visual Studio Version 17
VisualStudioVersion = 17.0.31903.59
MinimumVisualStudioVersion = 10.0.40219.1
Project("{FAE04EC0-301F-11D3-BF4B-00C04F79EFBC}") = "SelectStatement", "SelectStatement\SelectStatement.csproj", "{7B1EA429-6B85-4FE3-804E-90821725C627}"
EndProject
Project("{FAE04EC0-301F-11D3-BF4B-00C04F79EFBC}") = "Repository", "Repository\Repository.csproj", "{6BB1A4A8-DEF6-4745-B70B-CC0BD0A89204}"
EndProject
Project("{FAE04EC0-301F-11D3-BF4B-00C04F79EFBC}") = "WhereStatement", "WhereStatement\WhereStatement.csproj", "{F2A745B9-88A3-4651-99E1-87ACDB716E7C}"
EndProject
Project("{FAE04EC0-301F-11D3-BF4B-00C04F79EFBC}") = "SelectManyStatement", "SelectManyStatement\SelectManyStatement.csproj", "{09B68475-D500-4FA1-9940-03A3EC10B500}"
EndProject
Project("{FAE04EC0-301F-11D3-BF4B-00C04F79EFBC}") = "OrderByStatement", "OrderByStatement\OrderByStatement.csproj", "{B271EE1F-5A3E-4232-BF70-F3D63B93E345}"
EndProject
Project("{FAE04EC0-301F-11D3-BF4B-00C04F79EFBC}") = "PartitioningStatement", "PartitioningStatement\PartitioningStatement.csproj", "{04C2BB0D-E54A-4A8D-B52B-F93FB1F61FD5}"
EndProject
Project("{FAE04EC0-301F-11D3-BF4B-00C04F79EFBC}") = "QuantifiersStatements", "QuntifiersStatements\QuantifiersStatements.csproj", "{F8345730-249F-4BD0-8643-4D2A2D78E75E}"
EndProject
Project("{FAE04EC0-301F-11D3-BF4B-00C04F79EFBC}") = "GroupByStatement", "GroupByStatement\GroupByStatement.csproj", "{6B0ED448-9E01-40B7-A103-3FFBB313F3C1}"
EndProject
Project("{FAE04EC0-301F-11D3-BF4B-00C04F79EFBC}") = "JoinStatement", "JoinStatement\JoinStatement.csproj", "{72418467-B0DC-49CC-86D7-C638C1B89A3A}"
EndProject
Project("{FAE04EC0-301F-11D3-BF4B-00C04F79EFBC}") = "ElementOperations", "ElementOperations\ElementOperations.csproj", "{B6FDAD49-3AED-4A92-A065-B9AD46A470B4}"
EndProject
Project("{FAE04EC0-301F-11D3-BF4B-00C04F79EFBC}") = "ConcatenationStatement", "ConcatenationStatement\ConcatenationStatement.csproj", "{1164AF51-44DE-4097-95BB-1E60F421C24C}"
EndProject
Project("{FAE04EC0-301F-11D3-BF4B-00C04F79EFBC}") = "AggregateStatement", "AggregateStatement\AggregateStatement.csproj", "{0BC358AC-A221-4911-BF08-20E184C95375}"
EndProject
Global
	GlobalSection(SolutionConfigurationPlatforms) = preSolution
		Debug|Any CPU = Debug|Any CPU
		Debug|x64 = Debug|x64
		Debug|x86 = Debug|x86
		Release|Any CPU = Release|Any CPU
		Release|x64 = Release|x64
		Release|x86 = Release|x86
	EndGlobalSection
	GlobalSection(ProjectConfigurationPlatforms) = postSolution
		{7B1EA429-6B85-4FE3-804E-90821725C627}.Debug|Any CPU.ActiveCfg = Debug|Any CPU
		{7B1EA429-6B85-4FE3-804E-90821725C627}.Debug|Any CPU.Build.0 = Debug|Any CPU
		{7B1EA429-6B85-4FE3-804E-90821725C627}.Debug|x64.ActiveCfg = Debug|Any CPU
		{7B1EA429-6B85-4FE3-804E-90821725C627}.Debug|x64.Build.0 = Debug|Any CPU
		{7B1EA429-6B85-4FE3-804E-90821725C627}.Debug|x86.ActiveCfg = Debug|Any CPU
		{7B1EA429-6B85-4FE3-804E-90821725C627}.Debug|x86.Build.0 = Debug|Any CPU
		{7B1EA429-6B85-4FE3-804E-90821725C627}.Release|Any CPU.ActiveCfg = Release|Any CPU
		{7B1EA429-6B85-4FE3-804E-90821725C627}.Release|Any CPU.Build.0 = Release|Any CPU
		{7B1EA429-6B85-4FE3-804E-90821725C627}.Release|x64.ActiveCfg = Release|Any CPU
		{7B1EA429-6B85-4FE3-804E-90821725C627}.Release|x64.Build.0 = Release|Any CPU
		{7B1EA429-6B85-4FE3-804E-90821725C627}.Release|x86.ActiveCfg = Release|Any CPU
		{7B1EA429-6B85-4FE3-804E-90821725C627}.Release|x86.Build.0 = Release|Any CPU
		{6BB1A4A8-DEF6-4745-B70B-CC0BD0A89204}.Debug|Any CPU.ActiveCfg = Debug|Any CPU
		{6BB1A4A8-DEF6-4745-B70B-CC0BD0A89204}.Debug|Any CPU.Build.0 = Debug|Any CPU
		{6BB1A4A8-DEF6-4745-B70B-CC0BD0A89204}.Debug|x64.ActiveCfg = Debug|Any CPU
		{6BB1A4A8-DEF6-4745-B70B-CC0BD0A89204}.Debug|x64.Build.0 = Debug|Any CPU
		{6BB1A4A8-DEF6-4745-B70B-CC0BD0A89204}.Debug|x86.ActiveCfg = Debug|Any CPU
		{6BB1A4A8-DEF6-4745-B70B-CC0BD0A89204}.Debug|x86.Build.0 = Debug|Any CPU
		{6BB1A4A8-DEF6-4745-B70B-CC0BD0A89204}.Release|Any CPU.ActiveCfg = Release|Any CPU
		{6BB1A4A8-DEF6-4745-B70B-CC0BD0A89204}.Release|Any CPU.Build.0 = Release|Any CPU
		{6BB1A4A8-DEF6-4745-B70B-CC0BD0A89204}.Release|x64.ActiveCfg = Release|Any CPU
		{6BB1A4A8-DEF6-4745-B70B-CC0BD0A89204}.Release|x64.Build.0 = Release|Any CPU
		{6BB1A4A8-DEF6-4745-B70B-CC0BD0A89204}.Release|x86.ActiveCfg = Release|Any CPU
		{6BB1A4A8-DEF6-4745-B70B-CC0BD0A89204}.Release|x86.Build.0 = Release|Any CPU
		{F2A745B9-88A3-4651-99E1-87ACDB716E7C}.Debug|Any CPU.ActiveCfg = Debug|Any CPU
		{F2A745B9-88A3-4651-99E1-87ACDB716E7C}.Debug|Any CPU.Build.0 = Debug|Any CPU
		{F2A745B9-88A3-4651-99E1-87ACDB716E7C}.Debug|x64.ActiveCfg = Debug|Any CPU
		{F2A745B9-88A3-4651-99E1-87ACDB716E7C}.Debug|x64.Build.0 = Debug|Any CPU
		{F2A745B9-88A3-4651-99E1-87ACDB716E7C}.Debug|x86.ActiveCfg = Debug|Any CPU
		{F2A745B9-88A3-4651-99E1-87ACDB716E7C}.Debug|x86.Build.0 = Debug|Any CPU
		{F2A745B9-88A3-4651-99E1-87ACDB716E7C}.Release|Any CPU.ActiveCfg = Release|Any CPU
		{F2A745B9-88A3-4651-99E1-87ACDB716E7C}.Release|Any CPU.Build.0 = Release|Any CPU
		{F2A745B9-88A3-4651-99E1-87ACDB716E7C}.Release|x64.ActiveCfg = Release|Any CPU
		{F2A745B9-88A3-4651-99E1-87ACDB716E7C}.Release|x64.Build.0 = Release|Any CPU
		{F2A745B9-88A3-4651-99E1-87ACDB716E7C}.Release|x86.ActiveCfg = Release|Any CPU
		{F2A745B9-88A3-4651-99E1-87ACDB716E7C}.Release|x86.Build.0 = Release|Any CPU
		{09B68475-D500-4FA1-9940-03A3EC10B500}.Debug|Any CPU.ActiveCfg = Debug|Any CPU
		{09B68475-D500-4FA1-9940-03A3EC10B500}.Debug|Any CPU.Build.0 = Debug|Any CPU
		{09B68475-D500-4FA1-9940-03A3EC10B500}.Debug|x64.ActiveCfg = Debug|Any CPU
		{09B68475-D500-4FA1-9940-03A3EC10B500}.Debug|x64.Build.0 = Debug|Any CPU
		{09B68475-D500-4FA1-9940-03A3EC10B500}.Debug|x86.ActiveCfg = Debug|Any CPU
		{09B68475-D500-4FA1-9940-03A3EC10B500}.Debug|x86.Build.0 = Debug|Any CPU
		{09B68475-D500-4FA1-9940-03A3EC10B500}.Release|Any CPU.ActiveCfg = Release|Any CPU
		{09B68475-D500-4FA1-9940-03A3EC10B500}.Release|Any CPU.Build.0 = Release|Any CPU
		{09B68475-D500-4FA1-9940-03A3EC10B500}.Release|x64.ActiveCfg = Release|Any CPU
		{09B68475-D500-4FA1-9940-03A3EC10B500}.Release|x64.Build.0 = Release|Any CPU
		{09B68475-D500-4FA1-9940-03A3EC10B500}.Release|x86.ActiveCfg = Release|Any CPU
		{09B68475-D500-4FA1-9940-03A3EC10B500}.Release|x86.Build.0 = Release|Any CPU
		{B271EE1F-5A3E-4232-BF70-F3D63B93E345}.Debug|Any CPU.ActiveCfg = Debug|Any CPU
		{B271EE1F-5A3E-4232-BF70-F3D63B93E345}.Debug|Any CPU.Build.0 = Debug|Any CPU
		{B271EE1F-5A3E-4232-BF70-F3D63B93E345}.Debug|x64.ActiveCfg = Debug|Any CPU
		{B271EE1F-5A3E-4232-BF70-F3D63B93E345}.Debug|x64.Build.0 = Debug|Any CPU
		{B271EE1F-5A3E-4232-BF70-F3D63B93E345}.Debug|x86.ActiveCfg = Debug|Any CPU
		{B271EE1F-5A3E-4232-BF70-F3D63B93E345}.Debug|x86.Build.0 = Debug|Any CPU
		{B271EE1F-5A3E-4232-BF70-F3D63B93E345}.Release|Any CPU.ActiveCfg = Release|Any CPU
		{B271EE1F-5A3E-4232-BF70-F3D63B93E345}.Release|Any CPU.Build.0 = Release|Any CPU
		{B271EE1F-5A3E-4232-BF70-F3D63B93E345}.Release|x64.ActiveCfg = Release|Any CPU
		{B271EE1F-5A3E-4232-BF70-F3D63B93E345}.Release|x64.Build.0 = Release|Any CPU
		{B271EE1F-5A3E-4232-BF70-F3D63B93E345}.Release|x86.ActiveCfg = Release|Any CPU
		{B271EE1F-5A3E-4232-BF70-F3D63B93E345}.Release|x86.Build.0 = Release|Any CPU
		{04C2BB0D-E54A-4A8D-B52B-F93FB1F61FD5}.Debug|Any CPU.ActiveCfg = Debug|Any CPU
		{04C2BB0D-E54A-4A8D-B52B-F93FB1F61FD5}.Debug|Any CPU.Build.0 = Debug|Any CPU
		{04C2BB0D-E54A-4A8D-B52B-F93FB1F61FD5}.Debug|x64.ActiveCfg = Debug|Any CPU
		{04C2BB0D-E54A-4A8D-B52B-F93FB1F61FD5}.Debug|x64.Build.0 = Debug|Any CPU
		{04C2BB0D-E54A-4A8D-B52B-F93FB1F61FD5}.Debug|x86.ActiveCfg = Debug|Any CPU
		{04C2BB0D-E54A-4A8D-B52B-F93FB1F61FD5}.Debug|x86.Build.0 = Debug|Any CPU
		{04C2BB0D-E54A-4A8D-B52B-F93FB1F61FD5}.Release|Any CPU.ActiveCfg = Release|Any CPU
		{04C2BB0D-E54A-4A8D-B52B-F93FB1F61FD5}.Release|Any CPU.Build.0 = Release|Any CPU
		{04C2BB0D-E54A-4A8D-B52B-F93FB1F61FD5}.Release|x64.ActiveCfg = Release|Any CPU
		{04C2BB0D-E54A-4A8D-B52B-F93FB1F61FD5}.Release|x64.Build.0 = Release|Any CPU
		{04C2BB0D-E54A-4A8D-B52B-F93FB1F61FD5}.Release|x86.ActiveCfg = Release|Any CPU
		{04C2BB0D-E54A-4A8D-B52B-F93FB1F61FD5}.Release|x86.Build.0 = Release|Any CPU
		{F8345730-249F-4BD0-8643-4D2A2D78E75E}.Debug|Any CPU.ActiveCfg = Debug|Any CPU
		{F8345730-249F-4BD0-8643-4D2A2D78E75E}.Debug|Any CPU.Build.0 = Debug|Any CPU
		{F8345730-249F-4BD0-8643-4D2A2D78E75E}.Debug|x64.ActiveCfg = Debug|Any CPU
		{F8345730-249F-4BD0-8643-4D2A2D78E75E}.Debug|x64.Build.0 = Debug|Any CPU
		{F8345730-249F-4BD0-8643-4D2A2D78E75E}.Debug|x86.ActiveCfg = Debug|Any CPU
		{F8345730-249F-4BD0-8643-4D2A2D78E75E}.Debug|x86.Build.0 = Debug|Any CPU
		{F8345730-249F-4BD0-8643-4D2A2D78E75E}.Release|Any CPU.ActiveCfg = Release|Any CPU
		{F8345730-249F-4BD0-8643-4D2A2D78E75E}.Release|Any CPU.Build.0 = Release|Any CPU
		{F8345730-249F-4BD0-8643-4D2A2D78E75E}.Release|x64.ActiveCfg = Release|Any CPU
		{F8345730-249F-4BD0-8643-4D2A2D78E75E}.Release|x64.Build.0 = Release|Any CPU
		{F8345730-249F-4BD0-8643-4D2A2D78E75E}.Release|x86.ActiveCfg = Release|Any CPU
		{F8345730-249F-4BD0-8643-4D2A2D78E75E}.Release|x86.Build.0 = Release|Any CPU
		{6B0ED448-9E01-40B7-A103-3FFBB313F3C1}.Debug|Any CPU.ActiveCfg = Debug|Any CPU
		{6B0ED448-9E01-40B7-A103-3FFBB313F3C1}.Debug|Any CPU.Build.0 = Debug|Any CPU
		{6B0ED448-9E01-40B7-A103-3FFBB313F3C1}.Debug|x64.ActiveCfg = Debug|Any CPU
		{6B0ED448-9E01-40B7-A103-3FFBB313F3C1}.Debug|x64.Build.0 = Debug|Any CPU
		{6B0ED448-9E01-40B7-A103-3FFBB313F3C1}.Debug|x86.ActiveCfg = Debug|Any CPU
		{6B0ED448-9E01-40B7-A103-3FFBB313F3C1}.Debug|x86.Build.0 = Debug|Any CPU
		{6B0ED448-9E01-40B7-A103-3FFBB313F3C1}.Release|Any CPU.ActiveCfg = Release|Any CPU
		{6B0ED448-9E01-40B7-A103-3FFBB313F3C1}.Release|Any CPU.Build.0 = Release|Any CPU
		{6B0ED448-9E01-40B7-A103-3FFBB313F3C1}.Release|x64.ActiveCfg = Release|Any CPU
		{6B0ED448-9E01-40B7-A103-3FFBB313F3C1}.Release|x64.Build.0 = Release|Any CPU
		{6B0ED448-9E01-40B7-A103-3FFBB313F3C1}.Release|x86.ActiveCfg = Release|Any CPU
		{6B0ED448-9E01-40B7-A103-3FFBB313F3C1}.Release|x86.Build.0 = Release|Any CPU
		{72418467-B0DC-49CC-86D7-C638C1B89A3A}.Debug|Any CPU.ActiveCfg = Debug|Any CPU
		{72418467-B0DC-49CC-86D7-C638C1B89A3A}.Debug|Any CPU.Build.0 = Debug|Any CPU
		{72418467-B0DC-49CC-86D7-C638C1B89A3A}.Debug|x64.ActiveCfg = Debug|Any CPU
		{72418467-B0DC-49CC-86D7-C638C1B89A3A}.Debug|x64.Build.0 = Debug|Any CPU
		{72418467-B0DC-49CC-86D7-C638C1B89A3A}.Debug|x86.ActiveCfg = Debug|Any CPU
		{72418467-B0DC-49CC-86D7-C638C1B89A3A}.Debug|x86.Build.0 = Debug|Any CPU
		{72418467-B0DC-49CC-86D7-C638C1B89A3A}.Release|Any CPU.ActiveCfg = Release|Any CPU
		{72418467-B0DC-49CC-86D7-C638C1B89A3A}.Release|Any CPU.Build.0 = Release|Any CPU
		{72418467-B0DC-49CC-86D7-C638C1B89A3A}.Release|x64.ActiveCfg = Release|Any CPU
		{72418467-B0DC-49CC-86D7-C638C1B89A3A}.Release|x64.Build.0 = Release|Any CPU
		{72418467-B0DC-49CC-86D7-C638C1B89A3A}.Release|x86.ActiveCfg = Release|Any CPU
		{72418467-B0DC-49CC-86D7-C638C1B89A3A}.Release|x86.Build.0 = Release|Any CPU
		{B6FDAD49-3AED-4A92-A065-B9AD46A470B4}.Debug|Any CPU.ActiveCfg = Debug|Any CPU
		{B6FDAD49-3AED-4A92-A065-B9AD46A470B4}.Debug|Any CPU.Build.0 = Debug|Any CPU
		{B6FDAD49-3AED-4A92-A065-B9AD46A470B4}.Debug|x64.ActiveCfg = Debug|Any CPU
		{B6FDAD49-3AED-4A92-A065-B9AD46A470B4}.Debug|x64.Build.0 = Debug|Any CPU
		{B6FDAD49-3AED-4A92-A065-B9AD46A470B4}.Debug|x86.ActiveCfg = Debug|Any CPU
		{B6FDAD49-3AED-4A92-A065-B9AD46A470B4}.Debug|x86.Build.0 = Debug|Any CPU
		{B6FDAD49-3AED-4A92-A065-B9AD46A470B4}.Release|Any CPU.ActiveCfg = Release|Any CPU
		{B6FDAD49-3AED-4A92-A065-B9AD46A470B4}.Release|Any CPU.Build.0 = Release|Any CPU
		{B6FDAD49-3AED-4A92-A065-B9AD46A470B4}.Release|x64.ActiveCfg = Release|Any CPU
		{B6FDAD49-3AED-4A92-A065-B9AD46A470B4}.Release|x64.Build.0 = Release|Any CPU
		{B6FDAD49-3AED-4A92-A065-B9AD46A470B4}.Release|x86.ActiveCfg = Release|Any CPU
		{B6FDAD49-3AED-4A92-A065-B9AD46A470B4}.Release|x86.Build.0 = Release|Any CPU
		{1164AF51-44DE-4097-95BB-1E60F421C24C}.Debug|Any CPU.ActiveCfg = Debug|Any CPU
		{1164AF51-44DE-4097-95BB-1E60F421C24C}.Debug|Any CPU.Build.0 = Debug|Any CPU
		{1164AF51-44DE-4097-95BB-1E60F421C24C}.Debug|x64.ActiveCfg = Debug|Any CPU
		{1164AF51-44DE-4097-95BB-1E60F421C24C}.Debug|x64.Build.0 = Debug|Any CPU
		{1164AF51-44DE-4097-95BB-1E60F421C24C}.Debug|x86.ActiveCfg = Debug|Any CPU
		{1164AF51-44DE-4097-95BB-1E60F421C24C}.Debug|x86.Build.0 = Debug|Any CPU
		{1164AF51-44DE-4097-95BB-1E60F421C24C}.Release|Any CPU.ActiveCfg = Release|Any CPU
		{1164AF51-44DE-4097-95BB-1E60F421C24C}.Release|Any CPU.Build.0 = Release|Any CPU
		{1164AF51-44DE-4097-95BB-1E60F421C24C}.Release|x64.ActiveCfg = Release|Any CPU
		{1164AF51-44DE-4097-95BB-1E60F421C24C}.Release|x64.Build.0 = Release|Any CPU
		{1164AF51-44DE-4097-95BB-1E60F421C24C}.Release|x86.ActiveCfg = Release|Any CPU
		{1164AF51-44DE-4097-95BB-1E60F421C24C}.Release|x86.Build.0 = Release|Any CPU
		{0BC358AC-A221-4911-BF08-20E184C95375}.Debug|Any CPU.ActiveCfg = Debug|Any CPU
		{0BC358AC-A221-4911-BF08-20E184C95375}.Debug|Any CPU.Build.0 = Debug|Any CPU
		{0BC358AC-A221-4911-BF08-20E184C95375}.Debug|x64.ActiveCfg = Debug|Any CPU
		{0BC358AC-A221-4911-BF08-20E184C95375}.Debug|x64.Build.0 = Debug|Any CPU
		{0BC358AC-A221-4911-BF08-20E184C95375}.Debug|x86.ActiveCfg = Debug|Any CPU
		{0BC358AC-A221-4911-BF08-20E184C95375}.Debug|x86.Build.0 = Debug|Any CPU
		{0BC358AC-A221-4911-BF08-20E184C95375}.Release|Any CPU.ActiveCfg = Release|Any CPU
		{0BC358AC-A221-4911-BF08-20E184C95375}.Release|Any CPU.Build.0 = Release|Any CPU
		{0BC358AC-A221-4911-BF08-20E184C95375}.Release|x64.ActiveCfg = Release|Any CPU
		{0BC358AC-A221-4911-BF08-20E184C95375}.Release|x64.Build.0 = Release|Any CPU
		{0BC358AC-A221-4911-BF08-20E184C95375}.Release|x86.ActiveCfg = Release|Any CPU
		{0BC358AC-A221-4911-BF08-20E184C95375}.Release|x86.Build.0 = Release|Any CPU
	EndGlobalSection
	GlobalSection(SolutionProperties) = preSolution
		HideSolutionNode = FALSE
	EndGlobalSection
EndGlobal
